
Microsoft Visual Studio Solution File, Format Version 12.00
# Visual Studio Version 17
VisualStudioVersion = 17.11.35327.3
MinimumVisualStudioVersion = 10.0.40219.1
Project("{FAE04EC0-301F-11D3-BF4B-00C04F79EFBC}") = "Otpgenerationcode", "Otpgenerationcode\Otpgenerationcode.csproj", "{6822E7F4-3566-46D9-9575-024E149EE86E}"
EndProject
Global
	GlobalSection(SolutionConfigurationPlatforms) = preSolution
		Debug|Any CPU = Debug|Any CPU
		Release|Any CPU = Release|Any CPU
	EndGlobalSection
	GlobalSection(ProjectConfigurationPlatforms) = postSolution
		{6822E7F4-3566-46D9-9575-024E149EE86E}.Debug|Any CPU.ActiveCfg = Debug|Any CPU
		{6822E7F4-3566-46D9-9575-024E149EE86E}.Debug|Any CPU.Build.0 = Debug|Any CPU
		{6822E7F4-3566-46D9-9575-024E149EE86E}.Release|Any CPU.ActiveCfg = Release|Any CPU
		{6822E7F4-3566-46D9-9575-024E149EE86E}.Release|Any CPU.Build.0 = Release|Any CPU
	EndGlobalSection
	GlobalSection(SolutionProperties) = preSolution
		HideSolutionNode = FALSE
	EndGlobalSection
	GlobalSection(ExtensibilityGlobals) = postSolution
		SolutionGuid = {33F66C5C-2088-4DA7-9287-81A9457EEE39}
	EndGlobalSection
EndGlobal
